
Microsoft Visual Studio Solution File, Format Version 12.00
# Visual Studio Version 17
VisualStudioVersion = 17.3.32804.467
MinimumVisualStudioVersion = 10.0.40219.1
Project("{9A19103F-16F7-4668-BE54-9A1E7A4F7556}") = "Domain", "Domen\Domain.csproj", "{F1E2D96C-C3E9-49E7-A1F9-5F80070C7484}"
EndProject
Project("{9A19103F-16F7-4668-BE54-9A1E7A4F7556}") = "Persistence", "Persistence\Persistence.csproj", "{20F12460-513F-411E-8BDF-66207EB56B1B}"
EndProject
Project("{9A19103F-16F7-4668-BE54-9A1E7A4F7556}") = "Domain.Infrastructure", "Domain.Service\Domain.Infrastructure.csproj", "{F4C5B591-9C44-4A3C-B1A8-F677BE5ADFE0}"
EndProject
Project("{9A19103F-16F7-4668-BE54-9A1E7A4F7556}") = "Domain.Service", "Domain.Service.Abstractions\Domain.Service.csproj", "{A5510BD2-C63F-49C3-A2E4-47B2C1A11C14}"
EndProject
Project("{9A19103F-16F7-4668-BE54-9A1E7A4F7556}") = "Application", "Application\Application.csproj", "{80F300E7-7B83-40A0-A97C-27CB5D139740}"
EndProject
Project("{9A19103F-16F7-4668-BE54-9A1E7A4F7556}") = "Infrastructure", "Infrastructure\Infrastructure.csproj", "{11CDC727-4725-4B0F-B5F4-D75A751AB97F}"
EndProject
Project("{FAE04EC0-301F-11D3-BF4B-00C04F79EFBC}") = "Presentation", "Presentation\Presentation.csproj", "{282C6B32-3C6E-400A-932B-C8DF381CD303}"
EndProject
Global
	GlobalSection(SolutionConfigurationPlatforms) = preSolution
		Debug|Any CPU = Debug|Any CPU
		Release|Any CPU = Release|Any CPU
	EndGlobalSection
	GlobalSection(ProjectConfigurationPlatforms) = postSolution
		{F1E2D96C-C3E9-49E7-A1F9-5F80070C7484}.Debug|Any CPU.ActiveCfg = Debug|Any CPU
		{F1E2D96C-C3E9-49E7-A1F9-5F80070C7484}.Debug|Any CPU.Build.0 = Debug|Any CPU
		{F1E2D96C-C3E9-49E7-A1F9-5F80070C7484}.Release|Any CPU.ActiveCfg = Release|Any CPU
		{F1E2D96C-C3E9-49E7-A1F9-5F80070C7484}.Release|Any CPU.Build.0 = Release|Any CPU
		{20F12460-513F-411E-8BDF-66207EB56B1B}.Debug|Any CPU.ActiveCfg = Debug|Any CPU
		{20F12460-513F-411E-8BDF-66207EB56B1B}.Debug|Any CPU.Build.0 = Debug|Any CPU
		{20F12460-513F-411E-8BDF-66207EB56B1B}.Release|Any CPU.ActiveCfg = Release|Any CPU
		{20F12460-513F-411E-8BDF-66207EB56B1B}.Release|Any CPU.Build.0 = Release|Any CPU
		{F4C5B591-9C44-4A3C-B1A8-F677BE5ADFE0}.Debug|Any CPU.ActiveCfg = Debug|Any CPU
		{F4C5B591-9C44-4A3C-B1A8-F677BE5ADFE0}.Debug|Any CPU.Build.0 = Debug|Any CPU
		{F4C5B591-9C44-4A3C-B1A8-F677BE5ADFE0}.Release|Any CPU.ActiveCfg = Release|Any CPU
		{F4C5B591-9C44-4A3C-B1A8-F677BE5ADFE0}.Release|Any CPU.Build.0 = Release|Any CPU
		{A5510BD2-C63F-49C3-A2E4-47B2C1A11C14}.Debug|Any CPU.ActiveCfg = Debug|Any CPU
		{A5510BD2-C63F-49C3-A2E4-47B2C1A11C14}.Debug|Any CPU.Build.0 = Debug|Any CPU
		{A5510BD2-C63F-49C3-A2E4-47B2C1A11C14}.Release|Any CPU.ActiveCfg = Release|Any CPU
		{A5510BD2-C63F-49C3-A2E4-47B2C1A11C14}.Release|Any CPU.Build.0 = Release|Any CPU
		{80F300E7-7B83-40A0-A97C-27CB5D139740}.Debug|Any CPU.ActiveCfg = Debug|Any CPU
		{80F300E7-7B83-40A0-A97C-27CB5D139740}.Debug|Any CPU.Build.0 = Debug|Any CPU
		{80F300E7-7B83-40A0-A97C-27CB5D139740}.Release|Any CPU.ActiveCfg = Release|Any CPU
		{80F300E7-7B83-40A0-A97C-27CB5D139740}.Release|Any CPU.Build.0 = Release|Any CPU
		{11CDC727-4725-4B0F-B5F4-D75A751AB97F}.Debug|Any CPU.ActiveCfg = Debug|Any CPU
		{11CDC727-4725-4B0F-B5F4-D75A751AB97F}.Debug|Any CPU.Build.0 = Debug|Any CPU
		{11CDC727-4725-4B0F-B5F4-D75A751AB97F}.Release|Any CPU.ActiveCfg = Release|Any CPU
		{11CDC727-4725-4B0F-B5F4-D75A751AB97F}.Release|Any CPU.Build.0 = Release|Any CPU
		{282C6B32-3C6E-400A-932B-C8DF381CD303}.Debug|Any CPU.ActiveCfg = Debug|Any CPU
		{282C6B32-3C6E-400A-932B-C8DF381CD303}.Debug|Any CPU.Build.0 = Debug|Any CPU
		{282C6B32-3C6E-400A-932B-C8DF381CD303}.Release|Any CPU.ActiveCfg = Release|Any CPU
		{282C6B32-3C6E-400A-932B-C8DF381CD303}.Release|Any CPU.Build.0 = Release|Any CPU
	EndGlobalSection
	GlobalSection(SolutionProperties) = preSolution
		HideSolutionNode = FALSE
	EndGlobalSection
	GlobalSection(ExtensibilityGlobals) = postSolution
		SolutionGuid = {4D5E6105-BF79-4B4D-BBFF-CC38557DC3E4}
	EndGlobalSection
EndGlobal
